
Microsoft Visual Studio Solution File, Format Version 12.00
# Visual Studio Version 17
VisualStudioVersion = 17.14.36414.22 d17.14
MinimumVisualStudioVersion = 10.0.40219.1
Project("{FAE04EC0-301F-11D3-BF4B-00C04F79EFBC}") = "4", "4\4.csproj", "{E66C9808-1681-4587-8A70-5F96EB250179}"
EndProject
Global
	GlobalSection(SolutionConfigurationPlatforms) = preSolution
		Debug|Any CPU = Debug|Any CPU
		Release|Any CPU = Release|Any CPU
	EndGlobalSection
	GlobalSection(ProjectConfigurationPlatforms) = postSolution
		{E66C9808-1681-4587-8A70-5F96EB250179}.Debug|Any CPU.ActiveCfg = Debug|Any CPU
		{E66C9808-1681-4587-8A70-5F96EB250179}.Debug|Any CPU.Build.0 = Debug|Any CPU
		{E66C9808-1681-4587-8A70-5F96EB250179}.Release|Any CPU.ActiveCfg = Release|Any CPU
		{E66C9808-1681-4587-8A70-5F96EB250179}.Release|Any CPU.Build.0 = Release|Any CPU
	EndGlobalSection
	GlobalSection(SolutionProperties) = preSolution
		HideSolutionNode = FALSE
	EndGlobalSection
	GlobalSection(ExtensibilityGlobals) = postSolution
		SolutionGuid = {93FDE98A-31BD-4428-92D2-BD7A149221B4}
	EndGlobalSection
EndGlobal
