
Microsoft Visual Studio Solution File, Format Version 12.00
# Visual Studio Version 17
VisualStudioVersion = 17.14.36414.22 d17.14
MinimumVisualStudioVersion = 10.0.40219.1
Project("{FAE04EC0-301F-11D3-BF4B-00C04F79EFBC}") = "8", "8\8.csproj", "{23E4CF3E-FBE9-45F7-96AC-EC03BC5ADAAD}"
EndProject
Global
	GlobalSection(SolutionConfigurationPlatforms) = preSolution
		Debug|Any CPU = Debug|Any CPU
		Release|Any CPU = Release|Any CPU
	EndGlobalSection
	GlobalSection(ProjectConfigurationPlatforms) = postSolution
		{23E4CF3E-FBE9-45F7-96AC-EC03BC5ADAAD}.Debug|Any CPU.ActiveCfg = Debug|Any CPU
		{23E4CF3E-FBE9-45F7-96AC-EC03BC5ADAAD}.Debug|Any CPU.Build.0 = Debug|Any CPU
		{23E4CF3E-FBE9-45F7-96AC-EC03BC5ADAAD}.Release|Any CPU.ActiveCfg = Release|Any CPU
		{23E4CF3E-FBE9-45F7-96AC-EC03BC5ADAAD}.Release|Any CPU.Build.0 = Release|Any CPU
	EndGlobalSection
	GlobalSection(SolutionProperties) = preSolution
		HideSolutionNode = FALSE
	EndGlobalSection
	GlobalSection(ExtensibilityGlobals) = postSolution
		SolutionGuid = {49F1B995-5D91-4E64-BC6E-54C12D139427}
	EndGlobalSection
EndGlobal
